
Microsoft Visual Studio Solution File, Format Version 12.00
# Visual Studio 15
VisualStudioVersion = 15.0.28307.572
MinimumVisualStudioVersion = 10.0.40219.1
Project("{8BC9CEB8-8B4A-11D0-8D11-00A0C91BC942}") = "Infiniteger", "Infiniteger.vcxproj", "{7C29913F-6EFF-434E-AAF8-72B0F90E1412}"
EndProject
Project("{2150E333-8FDC-42A3-9474-1A3956D46DE8}") = "Solution Items", "Solution Items", "{8AEFBC93-ECD6-48F0-BC2C-FDC4ED7BFC1C}"
	ProjectSection(SolutionItems) = preProject
		Includes\algorithm.h = Includes\algorithm.h
		Includes\base_iterator.h = Includes\base_iterator.h
		Includes\Infiniteger.h = Includes\Infiniteger.h
		Includes\vector.h = Includes\vector.h
		Includes\yo_namespace.h = Includes\yo_namespace.h
	EndProjectSection
EndProject
Global
	GlobalSection(SolutionConfigurationPlatforms) = preSolution
		Debug|x64 = Debug|x64
		Debug|x86 = Debug|x86
		Release|x64 = Release|x64
		Release|x86 = Release|x86
	EndGlobalSection
	GlobalSection(ProjectConfigurationPlatforms) = postSolution
		{7C29913F-6EFF-434E-AAF8-72B0F90E1412}.Debug|x64.ActiveCfg = Debug|x64
		{7C29913F-6EFF-434E-AAF8-72B0F90E1412}.Debug|x64.Build.0 = Debug|x64
		{7C29913F-6EFF-434E-AAF8-72B0F90E1412}.Debug|x86.ActiveCfg = Debug|Win32
		{7C29913F-6EFF-434E-AAF8-72B0F90E1412}.Debug|x86.Build.0 = Debug|Win32
		{7C29913F-6EFF-434E-AAF8-72B0F90E1412}.Release|x64.ActiveCfg = Release|x64
		{7C29913F-6EFF-434E-AAF8-72B0F90E1412}.Release|x64.Build.0 = Release|x64
		{7C29913F-6EFF-434E-AAF8-72B0F90E1412}.Release|x86.ActiveCfg = Release|Win32
		{7C29913F-6EFF-434E-AAF8-72B0F90E1412}.Release|x86.Build.0 = Release|Win32
	EndGlobalSection
	GlobalSection(SolutionProperties) = preSolution
		HideSolutionNode = FALSE
	EndGlobalSection
	GlobalSection(ExtensibilityGlobals) = postSolution
		SolutionGuid = {B926C952-4DD4-400A-B79F-C3C1792A04C0}
	EndGlobalSection
EndGlobal
